
Microsoft Visual Studio Solution File, Format Version 12.00
# Visual Studio Version 17
VisualStudioVersion = 17.6.33829.357
MinimumVisualStudioVersion = 10.0.40219.1
Project("{9A19103F-16F7-4668-BE54-9A1E7A4F7556}") = "timeCamp_API.API", "timeCamp_API.API\timeCamp_API.API.csproj", "{751CBB6E-49FB-4D3E-B92E-A3328045F414}"
EndProject
Project("{FAE04EC0-301F-11D3-BF4B-00C04F79EFBC}") = "timecamp.BusinessLogic", "timecamp.BusinessLogic\timecamp.BusinessLogic.csproj", "{B6E7AFDF-6729-41C4-B5C8-882D8725391B}"
EndProject
Project("{FAE04EC0-301F-11D3-BF4B-00C04F79EFBC}") = "timeCamp.CommonLogic", "timeCamp.CommonLogic\timeCamp.CommonLogic.csproj", "{DD3111AC-F8D3-437E-B5D8-FE77275AB949}"
EndProject
Project("{FAE04EC0-301F-11D3-BF4B-00C04F79EFBC}") = "timeCamp.Infrastructure", "timeCamp.Infrastructure\timeCamp.Infrastructure.csproj", "{667A0560-44A9-45DF-9B36-FDAE934597F1}"
EndProject
Global
	GlobalSection(SolutionConfigurationPlatforms) = preSolution
		Debug|Any CPU = Debug|Any CPU
		Release|Any CPU = Release|Any CPU
	EndGlobalSection
	GlobalSection(ProjectConfigurationPlatforms) = postSolution
		{751CBB6E-49FB-4D3E-B92E-A3328045F414}.Debug|Any CPU.ActiveCfg = Debug|Any CPU
		{751CBB6E-49FB-4D3E-B92E-A3328045F414}.Debug|Any CPU.Build.0 = Debug|Any CPU
		{751CBB6E-49FB-4D3E-B92E-A3328045F414}.Release|Any CPU.ActiveCfg = Release|Any CPU
		{751CBB6E-49FB-4D3E-B92E-A3328045F414}.Release|Any CPU.Build.0 = Release|Any CPU
		{B6E7AFDF-6729-41C4-B5C8-882D8725391B}.Debug|Any CPU.ActiveCfg = Debug|Any CPU
		{B6E7AFDF-6729-41C4-B5C8-882D8725391B}.Debug|Any CPU.Build.0 = Debug|Any CPU
		{B6E7AFDF-6729-41C4-B5C8-882D8725391B}.Release|Any CPU.ActiveCfg = Release|Any CPU
		{B6E7AFDF-6729-41C4-B5C8-882D8725391B}.Release|Any CPU.Build.0 = Release|Any CPU
		{DD3111AC-F8D3-437E-B5D8-FE77275AB949}.Debug|Any CPU.ActiveCfg = Debug|Any CPU
		{DD3111AC-F8D3-437E-B5D8-FE77275AB949}.Debug|Any CPU.Build.0 = Debug|Any CPU
		{DD3111AC-F8D3-437E-B5D8-FE77275AB949}.Release|Any CPU.ActiveCfg = Release|Any CPU
		{DD3111AC-F8D3-437E-B5D8-FE77275AB949}.Release|Any CPU.Build.0 = Release|Any CPU
		{667A0560-44A9-45DF-9B36-FDAE934597F1}.Debug|Any CPU.ActiveCfg = Debug|Any CPU
		{667A0560-44A9-45DF-9B36-FDAE934597F1}.Debug|Any CPU.Build.0 = Debug|Any CPU
		{667A0560-44A9-45DF-9B36-FDAE934597F1}.Release|Any CPU.ActiveCfg = Release|Any CPU
		{667A0560-44A9-45DF-9B36-FDAE934597F1}.Release|Any CPU.Build.0 = Release|Any CPU
	EndGlobalSection
	GlobalSection(SolutionProperties) = preSolution
		HideSolutionNode = FALSE
	EndGlobalSection
	GlobalSection(ExtensibilityGlobals) = postSolution
		SolutionGuid = {3E9DFC61-83BC-49CD-8D8B-5F1691776185}
	EndGlobalSection
EndGlobal
